
Microsoft Visual Studio Solution File, Format Version 12.00
# Visual Studio Version 17
VisualStudioVersion = 17.9.34622.214
MinimumVisualStudioVersion = 10.0.40219.1
Project("{FAE04EC0-301F-11D3-BF4B-00C04F79EFBC}") = "Todolist", "WebApplication24\Todolist.csproj", "{0D454428-8E06-4C2A-B051-242BD60F1926}"
EndProject
Global
	GlobalSection(SolutionConfigurationPlatforms) = preSolution
		Debug|Any CPU = Debug|Any CPU
		Release|Any CPU = Release|Any CPU
	EndGlobalSection
	GlobalSection(ProjectConfigurationPlatforms) = postSolution
		{0D454428-8E06-4C2A-B051-242BD60F1926}.Debug|Any CPU.ActiveCfg = Debug|Any CPU
		{0D454428-8E06-4C2A-B051-242BD60F1926}.Debug|Any CPU.Build.0 = Debug|Any CPU
		{0D454428-8E06-4C2A-B051-242BD60F1926}.Release|Any CPU.ActiveCfg = Release|Any CPU
		{0D454428-8E06-4C2A-B051-242BD60F1926}.Release|Any CPU.Build.0 = Release|Any CPU
	EndGlobalSection
	GlobalSection(SolutionProperties) = preSolution
		HideSolutionNode = FALSE
	EndGlobalSection
	GlobalSection(ExtensibilityGlobals) = postSolution
		SolutionGuid = {1B1D22A5-DF5D-42EE-A518-F82984FFAD0C}
	EndGlobalSection
EndGlobal
